// !$*UTF8*$!
{
	archiveVersion = 1;
	classes = {
	};
	objectVersion = 51;
	objects = {

/* Begin PBXBuildFile section */
		24898F6531E8383146AE367A /* Pods_FlixTests.framework in Frameworks */ = {isa = PBXBuildFile; fileRef = 2CF35B6D25A69C4EAA02C11E /* Pods_FlixTests.framework */; };
		346C76C5902B61DE9D6254CC /* Pods_Flix.framework in Frameworks */ = {isa = PBXBuildFile; fileRef = 3BBF9B334035228D0D52DB07 /* Pods_Flix.framework */; };
		DB9F5858AD273071EDA0E599 /* Pods_Flix_FlixUITests.framework in Frameworks */ = {isa = PBXBuildFile; fileRef = 4E3482AE816E4C7E1178F5C1 /* Pods_Flix_FlixUITests.framework */; };
		F9535B7A2683907B002579C8 /* AppDelegate.m in Sources */ = {isa = PBXBuildFile; fileRef = F9535B792683907B002579C8 /* AppDelegate.m */; };
		F9535B7D2683907B002579C8 /* SceneDelegate.m in Sources */ = {isa = PBXBuildFile; fileRef = F9535B7C2683907B002579C8 /* SceneDelegate.m */; };
		F9535B832683907B002579C8 /* Main.storyboard in Resources */ = {isa = PBXBuildFile; fileRef = F9535B812683907B002579C8 /* Main.storyboard */; };
		F9535B852683907C002579C8 /* Assets.xcassets in Resources */ = {isa = PBXBuildFile; fileRef = F9535B842683907C002579C8 /* Assets.xcassets */; };
		F9535B882683907C002579C8 /* LaunchScreen.storyboard in Resources */ = {isa = PBXBuildFile; fileRef = F9535B862683907C002579C8 /* LaunchScreen.storyboard */; };
		F9535B8B2683907C002579C8 /* main.m in Sources */ = {isa = PBXBuildFile; fileRef = F9535B8A2683907C002579C8 /* main.m */; };
		F9535B952683907C002579C8 /* FlixTests.m in Sources */ = {isa = PBXBuildFile; fileRef = F9535B942683907C002579C8 /* FlixTests.m */; };
		F9535BA02683907C002579C8 /* FlixUITests.m in Sources */ = {isa = PBXBuildFile; fileRef = F9535B9F2683907C002579C8 /* FlixUITests.m */; };
		F9535BAF26839B46002579C8 /* moviesViewController.m in Sources */ = {isa = PBXBuildFile; fileRef = F9535BAE26839B46002579C8 /* moviesViewController.m */; };
		F9535BB52683C1A6002579C8 /* MovieCell.m in Sources */ = {isa = PBXBuildFile; fileRef = F9535BB42683C1A6002579C8 /* MovieCell.m */; };
		F9535BBB2683D50C002579C8 /* DetailsViewController.m in Sources */ = {isa = PBXBuildFile; fileRef = F9535BBA2683D50C002579C8 /* DetailsViewController.m */; };
		F9535BBE26852380002579C8 /* moviesGridViewController.m in Sources */ = {isa = PBXBuildFile; fileRef = F9535BBD26852380002579C8 /* moviesGridViewController.m */; };
		F9535BC1268525AA002579C8 /* movieCollectionCell.m in Sources */ = {isa = PBXBuildFile; fileRef = F9535BC0268525AA002579C8 /* movieCollectionCell.m */; };
/* End PBXBuildFile section */

/* Begin PBXContainerItemProxy section */
		F9535B912683907C002579C8 /* PBXContainerItemProxy */ = {
			isa = PBXContainerItemProxy;
			containerPortal = F9535B6D2683907B002579C8 /* Project object */;
			proxyType = 1;
			remoteGlobalIDString = F9535B742683907B002579C8;
			remoteInfo = Flix;
		};
		F9535B9C2683907C002579C8 /* PBXContainerItemProxy */ = {
			isa = PBXContainerItemProxy;
			containerPortal = F9535B6D2683907B002579C8 /* Project object */;
			proxyType = 1;
			remoteGlobalIDString = F9535B742683907B002579C8;
			remoteInfo = Flix;
		};
/* End PBXContainerItemProxy section */

/* Begin PBXFileReference section */
		01F2AAE1CBBE4741E5193E02 /* Pods-Flix.debug.xcconfig */ = {isa = PBXFileReference; includeInIndex = 1; lastKnownFileType = text.xcconfig; name = "Pods-Flix.debug.xcconfig"; path = "Target Support Files/Pods-Flix/Pods-Flix.debug.xcconfig"; sourceTree = "<group>"; };
		1F82085A926F0E0A206A484F /* Pods-FlixTests.debug.xcconfig */ = {isa = PBXFileReference; includeInIndex = 1; lastKnownFileType = text.xcconfig; name = "Pods-FlixTests.debug.xcconfig"; path = "Target Support Files/Pods-FlixTests/Pods-FlixTests.debug.xcconfig"; sourceTree = "<group>"; };
		2CF35B6D25A69C4EAA02C11E /* Pods_FlixTests.framework */ = {isa = PBXFileReference; explicitFileType = wrapper.framework; includeInIndex = 0; path = Pods_FlixTests.framework; sourceTree = BUILT_PRODUCTS_DIR; };
		3BBF9B334035228D0D52DB07 /* Pods_Flix.framework */ = {isa = PBXFileReference; explicitFileType = wrapper.framework; includeInIndex = 0; path = Pods_Flix.framework; sourceTree = BUILT_PRODUCTS_DIR; };
		46D775DA2E70E7310C0F05CA /* Pods-Flix.release.xcconfig */ = {isa = PBXFileReference; includeInIndex = 1; lastKnownFileType = text.xcconfig; name = "Pods-Flix.release.xcconfig"; path = "Target Support Files/Pods-Flix/Pods-Flix.release.xcconfig"; sourceTree = "<group>"; };
		4E3482AE816E4C7E1178F5C1 /* Pods_Flix_FlixUITests.framework */ = {isa = PBXFileReference; explicitFileType = wrapper.framework; includeInIndex = 0; path = Pods_Flix_FlixUITests.framework; sourceTree = BUILT_PRODUCTS_DIR; };
		90C0AFA2ABAB208B967A3727 /* Pods-FlixTests.release.xcconfig */ = {isa = PBXFileReference; includeInIndex = 1; lastKnownFileType = text.xcconfig; name = "Pods-FlixTests.release.xcconfig"; path = "Target Support Files/Pods-FlixTests/Pods-FlixTests.release.xcconfig"; sourceTree = "<group>"; };
		D4A0543B52FAF4366678559D /* Pods-Flix-FlixUITests.release.xcconfig */ = {isa = PBXFileReference; includeInIndex = 1; lastKnownFileType = text.xcconfig; name = "Pods-Flix-FlixUITests.release.xcconfig"; path = "Target Support Files/Pods-Flix-FlixUITests/Pods-Flix-FlixUITests.release.xcconfig"; sourceTree = "<group>"; };
		F9535B752683907B002579C8 /* Flix.app */ = {isa = PBXFileReference; explicitFileType = wrapper.application; includeInIndex = 0; path = Flix.app; sourceTree = BUILT_PRODUCTS_DIR; };
		F9535B782683907B002579C8 /* AppDelegate.h */ = {isa = PBXFileReference; lastKnownFileType = sourcecode.c.h; path = AppDelegate.h; sourceTree = "<group>"; };
		F9535B792683907B002579C8 /* AppDelegate.m */ = {isa = PBXFileReference; lastKnownFileType = sourcecode.c.objc; path = AppDelegate.m; sourceTree = "<group>"; };
		F9535B7B2683907B002579C8 /* SceneDelegate.h */ = {isa = PBXFileReference; lastKnownFileType = sourcecode.c.h; path = SceneDelegate.h; sourceTree = "<group>"; };
		F9535B7C2683907B002579C8 /* SceneDelegate.m */ = {isa = PBXFileReference; lastKnownFileType = sourcecode.c.objc; path = SceneDelegate.m; sourceTree = "<group>"; };
		F9535B822683907B002579C8 /* Base */ = {isa = PBXFileReference; lastKnownFileType = file.storyboard; name = Base; path = Base.lproj/Main.storyboard; sourceTree = "<group>"; };
		F9535B842683907C002579C8 /* Assets.xcassets */ = {isa = PBXFileReference; lastKnownFileType = folder.assetcatalog; path = Assets.xcassets; sourceTree = "<group>"; };
		F9535B872683907C002579C8 /* Base */ = {isa = PBXFileReference; lastKnownFileType = file.storyboard; name = Base; path = Base.lproj/LaunchScreen.storyboard; sourceTree = "<group>"; };
		F9535B892683907C002579C8 /* Info.plist */ = {isa = PBXFileReference; lastKnownFileType = text.plist.xml; path = Info.plist; sourceTree = "<group>"; };
		F9535B8A2683907C002579C8 /* main.m */ = {isa = PBXFileReference; lastKnownFileType = sourcecode.c.objc; path = main.m; sourceTree = "<group>"; };
		F9535B902683907C002579C8 /* FlixTests.xctest */ = {isa = PBXFileReference; explicitFileType = wrapper.cfbundle; includeInIndex = 0; path = FlixTests.xctest; sourceTree = BUILT_PRODUCTS_DIR; };
		F9535B942683907C002579C8 /* FlixTests.m */ = {isa = PBXFileReference; lastKnownFileType = sourcecode.c.objc; path = FlixTests.m; sourceTree = "<group>"; };
		F9535B962683907C002579C8 /* Info.plist */ = {isa = PBXFileReference; lastKnownFileType = text.plist.xml; path = Info.plist; sourceTree = "<group>"; };
		F9535B9B2683907C002579C8 /* FlixUITests.xctest */ = {isa = PBXFileReference; explicitFileType = wrapper.cfbundle; includeInIndex = 0; path = FlixUITests.xctest; sourceTree = BUILT_PRODUCTS_DIR; };
		F9535B9F2683907C002579C8 /* FlixUITests.m */ = {isa = PBXFileReference; lastKnownFileType = sourcecode.c.objc; path = FlixUITests.m; sourceTree = "<group>"; };
		F9535BA12683907C002579C8 /* Info.plist */ = {isa = PBXFileReference; lastKnownFileType = text.plist.xml; path = Info.plist; sourceTree = "<group>"; };
		F9535BAD26839B46002579C8 /* moviesViewController.h */ = {isa = PBXFileReference; lastKnownFileType = sourcecode.c.h; path = moviesViewController.h; sourceTree = "<group>"; };
		F9535BAE26839B46002579C8 /* moviesViewController.m */ = {isa = PBXFileReference; lastKnownFileType = sourcecode.c.objc; path = moviesViewController.m; sourceTree = "<group>"; };
		F9535BB32683C1A6002579C8 /* MovieCell.h */ = {isa = PBXFileReference; lastKnownFileType = sourcecode.c.h; path = MovieCell.h; sourceTree = "<group>"; };
		F9535BB42683C1A6002579C8 /* MovieCell.m */ = {isa = PBXFileReference; lastKnownFileType = sourcecode.c.objc; path = MovieCell.m; sourceTree = "<group>"; };
		F9535BB92683D50C002579C8 /* DetailsViewController.h */ = {isa = PBXFileReference; lastKnownFileType = sourcecode.c.h; path = DetailsViewController.h; sourceTree = "<group>"; };
		F9535BBA2683D50C002579C8 /* DetailsViewController.m */ = {isa = PBXFileReference; lastKnownFileType = sourcecode.c.objc; path = DetailsViewController.m; sourceTree = "<group>"; };
		F9535BBC26852380002579C8 /* moviesGridViewController.h */ = {isa = PBXFileReference; lastKnownFileType = sourcecode.c.h; path = moviesGridViewController.h; sourceTree = "<group>"; };
		F9535BBD26852380002579C8 /* moviesGridViewController.m */ = {isa = PBXFileReference; lastKnownFileType = sourcecode.c.objc; path = moviesGridViewController.m; sourceTree = "<group>"; };
		F9535BBF268525AA002579C8 /* movieCollectionCell.h */ = {isa = PBXFileReference; lastKnownFileType = sourcecode.c.h; path = movieCollectionCell.h; sourceTree = "<group>"; };
		F9535BC0268525AA002579C8 /* movieCollectionCell.m */ = {isa = PBXFileReference; lastKnownFileType = sourcecode.c.objc; path = movieCollectionCell.m; sourceTree = "<group>"; };
		FB5424A7D1E3AA5ECADBD477 /* Pods-Flix-FlixUITests.debug.xcconfig */ = {isa = PBXFileReference; includeInIndex = 1; lastKnownFileType = text.xcconfig; name = "Pods-Flix-FlixUITests.debug.xcconfig"; path = "Target Support Files/Pods-Flix-FlixUITests/Pods-Flix-FlixUITests.debug.xcconfig"; sourceTree = "<group>"; };
/* End PBXFileReference section */

/* Begin PBXFrameworksBuildPhase section */
		F9535B722683907B002579C8 /* Frameworks */ = {
			isa = PBXFrameworksBuildPhase;
			buildActionMask = 2147483647;
			files = (
				346C76C5902B61DE9D6254CC /* Pods_Flix.framework in Frameworks */,
			);
			runOnlyForDeploymentPostprocessing = 0;
		};
		F9535B8D2683907C002579C8 /* Frameworks */ = {
			isa = PBXFrameworksBuildPhase;
			buildActionMask = 2147483647;
			files = (
				24898F6531E8383146AE367A /* Pods_FlixTests.framework in Frameworks */,
			);
			runOnlyForDeploymentPostprocessing = 0;
		};
		F9535B982683907C002579C8 /* Frameworks */ = {
			isa = PBXFrameworksBuildPhase;
			buildActionMask = 2147483647;
			files = (
				DB9F5858AD273071EDA0E599 /* Pods_Flix_FlixUITests.framework in Frameworks */,
			);
			runOnlyForDeploymentPostprocessing = 0;
		};
/* End PBXFrameworksBuildPhase section */

/* Begin PBXGroup section */
		9B12B9D53E5E5ECEB3A17DBB /* Pods */ = {
			isa = PBXGroup;
			children = (
				01F2AAE1CBBE4741E5193E02 /* Pods-Flix.debug.xcconfig */,
				46D775DA2E70E7310C0F05CA /* Pods-Flix.release.xcconfig */,
				FB5424A7D1E3AA5ECADBD477 /* Pods-Flix-FlixUITests.debug.xcconfig */,
				D4A0543B52FAF4366678559D /* Pods-Flix-FlixUITests.release.xcconfig */,
				1F82085A926F0E0A206A484F /* Pods-FlixTests.debug.xcconfig */,
				90C0AFA2ABAB208B967A3727 /* Pods-FlixTests.release.xcconfig */,
			);
			path = Pods;
			sourceTree = "<group>";
		};
		BA55E96D119BAA687583B404 /* Frameworks */ = {
			isa = PBXGroup;
			children = (
				3BBF9B334035228D0D52DB07 /* Pods_Flix.framework */,
				4E3482AE816E4C7E1178F5C1 /* Pods_Flix_FlixUITests.framework */,
				2CF35B6D25A69C4EAA02C11E /* Pods_FlixTests.framework */,
			);
			name = Frameworks;
			sourceTree = "<group>";
		};
		F9535B6C2683907B002579C8 = {
			isa = PBXGroup;
			children = (
				F9535B772683907B002579C8 /* Flix */,
				F9535B932683907C002579C8 /* FlixTests */,
				F9535B9E2683907C002579C8 /* FlixUITests */,
				F9535B762683907B002579C8 /* Products */,
				9B12B9D53E5E5ECEB3A17DBB /* Pods */,
				BA55E96D119BAA687583B404 /* Frameworks */,
			);
			sourceTree = "<group>";
		};
		F9535B762683907B002579C8 /* Products */ = {
			isa = PBXGroup;
			children = (
				F9535B752683907B002579C8 /* Flix.app */,
				F9535B902683907C002579C8 /* FlixTests.xctest */,
				F9535B9B2683907C002579C8 /* FlixUITests.xctest */,
			);
			name = Products;
			sourceTree = "<group>";
		};
		F9535B772683907B002579C8 /* Flix */ = {
			isa = PBXGroup;
			children = (
				F9535BB226839C73002579C8 /* models */,
				F9535BB126839C6B002579C8 /* views */,
				F9535BB026839C5E002579C8 /* view controllers */,
				F9535B782683907B002579C8 /* AppDelegate.h */,
				F9535B792683907B002579C8 /* AppDelegate.m */,
				F9535B7B2683907B002579C8 /* SceneDelegate.h */,
				F9535B7C2683907B002579C8 /* SceneDelegate.m */,
				F9535B812683907B002579C8 /* Main.storyboard */,
				F9535B842683907C002579C8 /* Assets.xcassets */,
				F9535B862683907C002579C8 /* LaunchScreen.storyboard */,
				F9535B892683907C002579C8 /* Info.plist */,
				F9535B8A2683907C002579C8 /* main.m */,
			);
			path = Flix;
			sourceTree = "<group>";
		};
		F9535B932683907C002579C8 /* FlixTests */ = {
			isa = PBXGroup;
			children = (
				F9535B942683907C002579C8 /* FlixTests.m */,
				F9535B962683907C002579C8 /* Info.plist */,
			);
			path = FlixTests;
			sourceTree = "<group>";
		};
		F9535B9E2683907C002579C8 /* FlixUITests */ = {
			isa = PBXGroup;
			children = (
				F9535B9F2683907C002579C8 /* FlixUITests.m */,
				F9535BA12683907C002579C8 /* Info.plist */,
			);
			path = FlixUITests;
			sourceTree = "<group>";
		};
		F9535BB026839C5E002579C8 /* view controllers */ = {
			isa = PBXGroup;
			children = (
				F9535BAD26839B46002579C8 /* moviesViewController.h */,
				F9535BAE26839B46002579C8 /* moviesViewController.m */,
				F9535BB92683D50C002579C8 /* DetailsViewController.h */,
				F9535BBA2683D50C002579C8 /* DetailsViewController.m */,
				F9535BBC26852380002579C8 /* moviesGridViewController.h */,
				F9535BBD26852380002579C8 /* moviesGridViewController.m */,
			);
			path = "view controllers";
			sourceTree = "<group>";
		};
		F9535BB126839C6B002579C8 /* views */ = {
			isa = PBXGroup;
			children = (
				F9535BB32683C1A6002579C8 /* MovieCell.h */,
				F9535BB42683C1A6002579C8 /* MovieCell.m */,
				F9535BBF268525AA002579C8 /* movieCollectionCell.h */,
				F9535BC0268525AA002579C8 /* movieCollectionCell.m */,
			);
			path = views;
			sourceTree = "<group>";
		};
		F9535BB226839C73002579C8 /* models */ = {
			isa = PBXGroup;
			children = (
			);
			path = models;
			sourceTree = "<group>";
		};
/* End PBXGroup section */

/* Begin PBXNativeTarget section */
		F9535B742683907B002579C8 /* Flix */ = {
			isa = PBXNativeTarget;
			buildConfigurationList = F9535BA42683907C002579C8 /* Build configuration list for PBXNativeTarget "Flix" */;
			buildPhases = (
				DE97A804ED3CABF8B5A3045D /* [CP] Check Pods Manifest.lock */,
				F9535B712683907B002579C8 /* Sources */,
				F9535B722683907B002579C8 /* Frameworks */,
				F9535B732683907B002579C8 /* Resources */,
				52BE5CA906406484A2B858FC /* [CP] Embed Pods Frameworks */,
			);
			buildRules = (
			);
			dependencies = (
			);
			name = Flix;
			productName = Flix;
			productReference = F9535B752683907B002579C8 /* Flix.app */;
			productType = "com.apple.product-type.application";
		};
		F9535B8F2683907C002579C8 /* FlixTests */ = {
			isa = PBXNativeTarget;
			buildConfigurationList = F9535BA72683907C002579C8 /* Build configuration list for PBXNativeTarget "FlixTests" */;
			buildPhases = (
				AAD2EE464E93BAB46133083D /* [CP] Check Pods Manifest.lock */,
				F9535B8C2683907C002579C8 /* Sources */,
				F9535B8D2683907C002579C8 /* Frameworks */,
				F9535B8E2683907C002579C8 /* Resources */,
			);
			buildRules = (
			);
			dependencies = (
				F9535B922683907C002579C8 /* PBXTargetDependency */,
			);
			name = FlixTests;
			productName = FlixTests;
			productReference = F9535B902683907C002579C8 /* FlixTests.xctest */;
			productType = "com.apple.product-type.bundle.unit-test";
		};
		F9535B9A2683907C002579C8 /* FlixUITests */ = {
			isa = PBXNativeTarget;
			buildConfigurationList = F9535BAA2683907C002579C8 /* Build configuration list for PBXNativeTarget "FlixUITests" */;
			buildPhases = (
				2FBFC94BB9D1F34A9DA6CECA /* [CP] Check Pods Manifest.lock */,
				F9535B972683907C002579C8 /* Sources */,
				F9535B982683907C002579C8 /* Frameworks */,
				F9535B992683907C002579C8 /* Resources */,
				E6FBB63E479E159723213FD1 /* [CP] Embed Pods Frameworks */,
			);
			buildRules = (
			);
			dependencies = (
				F9535B9D2683907C002579C8 /* PBXTargetDependency */,
			);
			name = FlixUITests;
			productName = FlixUITests;
			productReference = F9535B9B2683907C002579C8 /* FlixUITests.xctest */;
			productType = "com.apple.product-type.bundle.ui-testing";
		};
/* End PBXNativeTarget section */

/* Begin PBXProject section */
		F9535B6D2683907B002579C8 /* Project object */ = {
			isa = PBXProject;
			attributes = {
				LastUpgradeCheck = 1250;
				TargetAttributes = {
					F9535B742683907B002579C8 = {
						CreatedOnToolsVersion = 12.5.1;
					};
					F9535B8F2683907C002579C8 = {
						CreatedOnToolsVersion = 12.5.1;
						TestTargetID = F9535B742683907B002579C8;
					};
					F9535B9A2683907C002579C8 = {
						CreatedOnToolsVersion = 12.5.1;
						TestTargetID = F9535B742683907B002579C8;
					};
				};
			};
			buildConfigurationList = F9535B702683907B002579C8 /* Build configuration list for PBXProject "Flix" */;
			compatibilityVersion = "Xcode 9.3";
			developmentRegion = en;
			hasScannedForEncodings = 0;
			knownRegions = (
				en,
				Base,
			);
			mainGroup = F9535B6C2683907B002579C8;
			productRefGroup = F9535B762683907B002579C8 /* Products */;
			projectDirPath = "";
			projectRoot = "";
			targets = (
				F9535B742683907B002579C8 /* Flix */,
				F9535B8F2683907C002579C8 /* FlixTests */,
				F9535B9A2683907C002579C8 /* FlixUITests */,
			);
		};
/* End PBXProject section */

/* Begin PBXResourcesBuildPhase section */
		F9535B732683907B002579C8 /* Resources */ = {
			isa = PBXResourcesBuildPhase;
			buildActionMask = 2147483647;
			files = (
				F9535B882683907C002579C8 /* LaunchScreen.storyboard in Resources */,
				F9535B852683907C002579C8 /* Assets.xcassets in Resources */,
				F9535B832683907B002579C8 /* Main.storyboard in Resources */,
			);
			runOnlyForDeploymentPostprocessing = 0;
		};
		F9535B8E2683907C002579C8 /* Resources */ = {
			isa = PBXResourcesBuildPhase;
			buildActionMask = 2147483647;
			files = (
			);
			runOnlyForDeploymentPostprocessing = 0;
		};
		F9535B992683907C002579C8 /* Resources */ = {
			isa = PBXResourcesBuildPhase;
			buildActionMask = 2147483647;
			files = (
			);
			runOnlyForDeploymentPostprocessing = 0;
		};
/* End PBXResourcesBuildPhase section */

/* Begin PBXShellScriptBuildPhase section */
		2FBFC94BB9D1F34A9DA6CECA /* [CP] Check Pods Manifest.lock */ = {
			isa = PBXShellScriptBuildPhase;
			buildActionMask = 2147483647;
			files = (
			);
			inputFileListPaths = (
			);
			inputPaths = (
				"${PODS_PODFILE_DIR_PATH}/Podfile.lock",
				"${PODS_ROOT}/Manifest.lock",
			);
			name = "[CP] Check Pods Manifest.lock";
			outputFileListPaths = (
			);
			outputPaths = (
				"$(DERIVED_FILE_DIR)/Pods-Flix-FlixUITests-checkManifestLockResult.txt",
			);
			runOnlyForDeploymentPostprocessing = 0;
			shellPath = /bin/sh;
			shellScript = "diff \"${PODS_PODFILE_DIR_PATH}/Podfile.lock\" \"${PODS_ROOT}/Manifest.lock\" > /dev/null\nif [ $? != 0 ] ; then\n    # print error to STDERR\n    echo \"error: The sandbox is not in sync with the Podfile.lock. Run 'pod install' or update your CocoaPods installation.\" >&2\n    exit 1\nfi\n# This output is used by Xcode 'outputs' to avoid re-running this script phase.\necho \"SUCCESS\" > \"${SCRIPT_OUTPUT_FILE_0}\"\n";
			showEnvVarsInLog = 0;
		};
		52BE5CA906406484A2B858FC /* [CP] Embed Pods Frameworks */ = {
			isa = PBXShellScriptBuildPhase;
			buildActionMask = 2147483647;
			files = (
			);
			inputFileListPaths = (
				"${PODS_ROOT}/Target Support Files/Pods-Flix/Pods-Flix-frameworks-${CONFIGURATION}-input-files.xcfilelist",
			);
			name = "[CP] Embed Pods Frameworks";
			outputFileListPaths = (
				"${PODS_ROOT}/Target Support Files/Pods-Flix/Pods-Flix-frameworks-${CONFIGURATION}-output-files.xcfilelist",
			);
			runOnlyForDeploymentPostprocessing = 0;
			shellPath = /bin/sh;
			shellScript = "\"${PODS_ROOT}/Target Support Files/Pods-Flix/Pods-Flix-frameworks.sh\"\n";
			showEnvVarsInLog = 0;
		};
		AAD2EE464E93BAB46133083D /* [CP] Check Pods Manifest.lock */ = {
			isa = PBXShellScriptBuildPhase;
			buildActionMask = 2147483647;
			files = (
			);
			inputFileListPaths = (
			);
			inputPaths = (
				"${PODS_PODFILE_DIR_PATH}/Podfile.lock",
				"${PODS_ROOT}/Manifest.lock",
			);
			name = "[CP] Check Pods Manifest.lock";
			outputFileListPaths = (
			);
			outputPaths = (
				"$(DERIVED_FILE_DIR)/Pods-FlixTests-checkManifestLockResult.txt",
			);
			runOnlyForDeploymentPostprocessing = 0;
			shellPath = /bin/sh;
			shellScript = "diff \"${PODS_PODFILE_DIR_PATH}/Podfile.lock\" \"${PODS_ROOT}/Manifest.lock\" > /dev/null\nif [ $? != 0 ] ; then\n    # print error to STDERR\n    echo \"error: The sandbox is not in sync with the Podfile.lock. Run 'pod install' or update your CocoaPods installation.\" >&2\n    exit 1\nfi\n# This output is used by Xcode 'outputs' to avoid re-running this script phase.\necho \"SUCCESS\" > \"${SCRIPT_OUTPUT_FILE_0}\"\n";
			showEnvVarsInLog = 0;
		};
		DE97A804ED3CABF8B5A3045D /* [CP] Check Pods Manifest.lock */ = {
			isa = PBXShellScriptBuildPhase;
			buildActionMask = 2147483647;
			files = (
			);
			inputFileListPaths = (
			);
			inputPaths = (
				"${PODS_PODFILE_DIR_PATH}/Podfile.lock",
				"${PODS_ROOT}/Manifest.lock",
			);
			name = "[CP] Check Pods Manifest.lock";
			outputFileListPaths = (
			);
			outputPaths = (
				"$(DERIVED_FILE_DIR)/Pods-Flix-checkManifestLockResult.txt",
			);
			runOnlyForDeploymentPostprocessing = 0;
			shellPath = /bin/sh;
			shellScript = "diff \"${PODS_PODFILE_DIR_PATH}/Podfile.lock\" \"${PODS_ROOT}/Manifest.lock\" > /dev/null\nif [ $? != 0 ] ; then\n    # print error to STDERR\n    echo \"error: The sandbox is not in sync with the Podfile.lock. Run 'pod install' or update your CocoaPods installation.\" >&2\n    exit 1\nfi\n# This output is used by Xcode 'outputs' to avoid re-running this script phase.\necho \"SUCCESS\" > \"${SCRIPT_OUTPUT_FILE_0}\"\n";
			showEnvVarsInLog = 0;
		};
		E6FBB63E479E159723213FD1 /* [CP] Embed Pods Frameworks */ = {
			isa = PBXShellScriptBuildPhase;
			buildActionMask = 2147483647;
			files = (
			);
			inputFileListPaths = (
				"${PODS_ROOT}/Target Support Files/Pods-Flix-FlixUITests/Pods-Flix-FlixUITests-frameworks-${CONFIGURATION}-input-files.xcfilelist",
			);
			name = "[CP] Embed Pods Frameworks";
			outputFileListPaths = (
				"${PODS_ROOT}/Target Support Files/Pods-Flix-FlixUITests/Pods-Flix-FlixUITests-frameworks-${CONFIGURATION}-output-files.xcfilelist",
			);
			runOnlyForDeploymentPostprocessing = 0;
			shellPath = /bin/sh;
			shellScript = "\"${PODS_ROOT}/Target Support Files/Pods-Flix-FlixUITests/Pods-Flix-FlixUITests-frameworks.sh\"\n";
			showEnvVarsInLog = 0;
		};
/* End PBXShellScriptBuildPhase section */

/* Begin PBXSourcesBuildPhase section */
		F9535B712683907B002579C8 /* Sources */ = {
			isa = PBXSourcesBuildPhase;
			buildActionMask = 2147483647;
			files = (
				F9535BAF26839B46002579C8 /* moviesViewController.m in Sources */,
				F9535BB52683C1A6002579C8 /* MovieCell.m in Sources */,
				F9535B7A2683907B002579C8 /* AppDelegate.m in Sources */,
				F9535BBB2683D50C002579C8 /* DetailsViewController.m in Sources */,
				F9535BC1268525AA002579C8 /* movieCollectionCell.m in Sources */,
				F9535B8B2683907C002579C8 /* main.m in Sources */,
				F9535BBE26852380002579C8 /* moviesGridViewController.m in Sources */,
				F9535B7D2683907B002579C8 /* SceneDelegate.m in Sources */,
			);
			runOnlyForDeploymentPostprocessing = 0;
		};
		F9535B8C2683907C002579C8 /* Sources */ = {
			isa = PBXSourcesBuildPhase;
			buildActionMask = 2147483647;
			files = (
				F9535B952683907C002579C8 /* FlixTests.m in Sources */,
			);
			runOnlyForDeploymentPostprocessing = 0;
		};
		F9535B972683907C002579C8 /* Sources */ = {
			isa = PBXSourcesBuildPhase;
			buildActionMask = 2147483647;
			files = (
				F9535BA02683907C002579C8 /* FlixUITests.m in Sources */,
			);
			runOnlyForDeploymentPostprocessing = 0;
		};
/* End PBXSourcesBuildPhase section */

/* Begin PBXTargetDependency section */
		F9535B922683907C002579C8 /* PBXTargetDependency */ = {
			isa = PBXTargetDependency;
			target = F9535B742683907B002579C8 /* Flix */;
			targetProxy = F9535B912683907C002579C8 /* PBXContainerItemProxy */;
		};
		F9535B9D2683907C002579C8 /* PBXTargetDependency */ = {
			isa = PBXTargetDependency;
			target = F9535B742683907B002579C8 /* Flix */;
			targetProxy = F9535B9C2683907C002579C8 /* PBXContainerItemProxy */;
		};
/* End PBXTargetDependency section */

/* Begin PBXVariantGroup section */
		F9535B812683907B002579C8 /* Main.storyboard */ = {
			isa = PBXVariantGroup;
			children = (
				F9535B822683907B002579C8 /* Base */,
			);
			name = Main.storyboard;
			sourceTree = "<group>";
		};
		F9535B862683907C002579C8 /* LaunchScreen.storyboard */ = {
			isa = PBXVariantGroup;
			children = (
				F9535B872683907C002579C8 /* Base */,
			);
			name = LaunchScreen.storyboard;
			sourceTree = "<group>";
		};
/* End PBXVariantGroup section */

/* Begin XCBuildConfiguration section */
		F9535BA22683907C002579C8 /* Debug */ = {
			isa = XCBuildConfiguration;
			buildSettings = {
				ALWAYS_SEARCH_USER_PATHS = NO;
				CLANG_ANALYZER_NONNULL = YES;
				CLANG_ANALYZER_NUMBER_OBJECT_CONVERSION = YES_AGGRESSIVE;
				CLANG_CXX_LANGUAGE_STANDARD = "gnu++14";
				CLANG_CXX_LIBRARY = "libc++";
				CLANG_ENABLE_MODULES = YES;
				CLANG_ENABLE_OBJC_ARC = YES;
				CLANG_ENABLE_OBJC_WEAK = YES;
				CLANG_WARN_BLOCK_CAPTURE_AUTORELEASING = YES;
				CLANG_WARN_BOOL_CONVERSION = YES;
				CLANG_WARN_COMMA = YES;
				CLANG_WARN_CONSTANT_CONVERSION = YES;
				CLANG_WARN_DEPRECATED_OBJC_IMPLEMENTATIONS = YES;
				CLANG_WARN_DIRECT_OBJC_ISA_USAGE = YES_ERROR;
				CLANG_WARN_DOCUMENTATION_COMMENTS = YES;
				CLANG_WARN_EMPTY_BODY = YES;
				CLANG_WARN_ENUM_CONVERSION = YES;
				CLANG_WARN_INFINITE_RECURSION = YES;
				CLANG_WARN_INT_CONVERSION = YES;
				CLANG_WARN_NON_LITERAL_NULL_CONVERSION = YES;
				CLANG_WARN_OBJC_IMPLICIT_RETAIN_SELF = YES;
				CLANG_WARN_OBJC_LITERAL_CONVERSION = YES;
				CLANG_WARN_OBJC_ROOT_CLASS = YES_ERROR;
				CLANG_WARN_QUOTED_INCLUDE_IN_FRAMEWORK_HEADER = YES;
				CLANG_WARN_RANGE_LOOP_ANALYSIS = YES;
				CLANG_WARN_STRICT_PROTOTYPES = YES;
				CLANG_WARN_SUSPICIOUS_MOVE = YES;
				CLANG_WARN_UNGUARDED_AVAILABILITY = YES_AGGRESSIVE;
				CLANG_WARN_UNREACHABLE_CODE = YES;
				CLANG_WARN__DUPLICATE_METHOD_MATCH = YES;
				COPY_PHASE_STRIP = NO;
				DEBUG_INFORMATION_FORMAT = dwarf;
				ENABLE_STRICT_OBJC_MSGSEND = YES;
				ENABLE_TESTABILITY = YES;
				GCC_C_LANGUAGE_STANDARD = gnu11;
				GCC_DYNAMIC_NO_PIC = NO;
				GCC_NO_COMMON_BLOCKS = YES;
				GCC_OPTIMIZATION_LEVEL = 0;
				GCC_PREPROCESSOR_DEFINITIONS = (
					"DEBUG=1",
					"$(inherited)",
				);
				GCC_WARN_64_TO_32_BIT_CONVERSION = YES;
				GCC_WARN_ABOUT_RETURN_TYPE = YES_ERROR;
				GCC_WARN_UNDECLARED_SELECTOR = YES;
				GCC_WARN_UNINITIALIZED_AUTOS = YES_AGGRESSIVE;
				GCC_WARN_UNUSED_FUNCTION = YES;
				GCC_WARN_UNUSED_VARIABLE = YES;
				IPHONEOS_DEPLOYMENT_TARGET = 14.5;
				MTL_ENABLE_DEBUG_INFO = INCLUDE_SOURCE;
				MTL_FAST_MATH = YES;
				ONLY_ACTIVE_ARCH = YES;
				SDKROOT = iphoneos;
			};
			name = Debug;
		};
		F9535BA32683907C002579C8 /* Release */ = {
			isa = XCBuildConfiguration;
			buildSettings = {
				ALWAYS_SEARCH_USER_PATHS = NO;
				CLANG_ANALYZER_NONNULL = YES;
				CLANG_ANALYZER_NUMBER_OBJECT_CONVERSION = YES_AGGRESSIVE;
				CLANG_CXX_LANGUAGE_STANDARD = "gnu++14";
				CLANG_CXX_LIBRARY = "libc++";
				CLANG_ENABLE_MODULES = YES;
				CLANG_ENABLE_OBJC_ARC = YES;
				CLANG_ENABLE_OBJC_WEAK = YES;
				CLANG_WARN_BLOCK_CAPTURE_AUTORELEASING = YES;
				CLANG_WARN_BOOL_CONVERSION = YES;
				CLANG_WARN_COMMA = YES;
				CLANG_WARN_CONSTANT_CONVERSION = YES;
				CLANG_WARN_DEPRECATED_OBJC_IMPLEMENTATIONS = YES;
				CLANG_WARN_DIRECT_OBJC_ISA_USAGE = YES_ERROR;
				CLANG_WARN_DOCUMENTATION_COMMENTS = YES;
				CLANG_WARN_EMPTY_BODY = YES;
				CLANG_WARN_ENUM_CONVERSION = YES;
				CLANG_WARN_INFINITE_RECURSION = YES;
				CLANG_WARN_INT_CONVERSION = YES;
				CLANG_WARN_NON_LITERAL_NULL_CONVERSION = YES;
				CLANG_WARN_OBJC_IMPLICIT_RETAIN_SELF = YES;
				CLANG_WARN_OBJC_LITERAL_CONVERSION = YES;
				CLANG_WARN_OBJC_ROOT_CLASS = YES_ERROR;
				CLANG_WARN_QUOTED_INCLUDE_IN_FRAMEWORK_HEADER = YES;
				CLANG_WARN_RANGE_LOOP_ANALYSIS = YES;
				CLANG_WARN_STRICT_PROTOTYPES = YES;
				CLANG_WARN_SUSPICIOUS_MOVE = YES;
				CLANG_WARN_UNGUARDED_AVAILABILITY = YES_AGGRESSIVE;
				CLANG_WARN_UNREACHABLE_CODE = YES;
				CLANG_WARN__DUPLICATE_METHOD_MATCH = YES;
				COPY_PHASE_STRIP = NO;
				DEBUG_INFORMATION_FORMAT = "dwarf-with-dsym";
				ENABLE_NS_ASSERTIONS = NO;
				ENABLE_STRICT_OBJC_MSGSEND = YES;
				GCC_C_LANGUAGE_STANDARD = gnu11;
				GCC_NO_COMMON_BLOCKS = YES;
				GCC_WARN_64_TO_32_BIT_CONVERSION = YES;
				GCC_WARN_ABOUT_RETURN_TYPE = YES_ERROR;
				GCC_WARN_UNDECLARED_SELECTOR = YES;
				GCC_WARN_UNINITIALIZED_AUTOS = YES_AGGRESSIVE;
				GCC_WARN_UNUSED_FUNCTION = YES;
				GCC_WARN_UNUSED_VARIABLE = YES;
				IPHONEOS_DEPLOYMENT_TARGET = 14.5;
				MTL_ENABLE_DEBUG_INFO = NO;
				MTL_FAST_MATH = YES;
				SDKROOT = iphoneos;
				VALIDATE_PRODUCT = YES;
			};
			name = Release;
		};
		F9535BA52683907C002579C8 /* Debug */ = {
			isa = XCBuildConfiguration;
			baseConfigurationReference = 01F2AAE1CBBE4741E5193E02 /* Pods-Flix.debug.xcconfig */;
			buildSettings = {
				ASSETCATALOG_COMPILER_APPICON_NAME = AppIcon;
				ASSETCATALOG_COMPILER_GLOBAL_ACCENT_COLOR_NAME = AccentColor;
				CODE_SIGN_STYLE = Automatic;
				DEVELOPMENT_TEAM = HSWX36ZH68;
				INFOPLIST_FILE = Flix/Info.plist;
				LD_RUNPATH_SEARCH_PATHS = (
					"$(inherited)",
					"@executable_path/Frameworks",
				);
				PRODUCT_BUNDLE_IDENTIFIER = com.santymendoza12.Flix;
				PRODUCT_NAME = "$(TARGET_NAME)";
				TARGETED_DEVICE_FAMILY = "1,2";
			};
			name = Debug;
		};
		F9535BA62683907C002579C8 /* Release */ = {
			isa = XCBuildConfiguration;
			baseConfigurationReference = 46D775DA2E70E7310C0F05CA /* Pods-Flix.release.xcconfig */;
			buildSettings = {
				ASSETCATALOG_COMPILER_APPICON_NAME = AppIcon;
				ASSETCATALOG_COMPILER_GLOBAL_ACCENT_COLOR_NAME = AccentColor;
				CODE_SIGN_STYLE = Automatic;
				DEVELOPMENT_TEAM = HSWX36ZH68;
				INFOPLIST_FILE = Flix/Info.plist;
				LD_RUNPATH_SEARCH_PATHS = (
					"$(inherited)",
					"@executable_path/Frameworks",
				);
				PRODUCT_BUNDLE_IDENTIFIER = com.santymendoza12.Flix;
				PRODUCT_NAME = "$(TARGET_NAME)";
				TARGETED_DEVICE_FAMILY = "1,2";
			};
			name = Release;
		};
		F9535BA82683907C002579C8 /* Debug */ = {
			isa = XCBuildConfiguration;
			baseConfigurationReference = 1F82085A926F0E0A206A484F /* Pods-FlixTests.debug.xcconfig */;
			buildSettings = {
				BUNDLE_LOADER = "$(TEST_HOST)";
				CODE_SIGN_STYLE = Automatic;
				DEVELOPMENT_TEAM = HSWX36ZH68;
				INFOPLIST_FILE = FlixTests/Info.plist;
				IPHONEOS_DEPLOYMENT_TARGET = 14.5;
				LD_RUNPATH_SEARCH_PATHS = (
					"$(inherited)",
					"@executable_path/Frameworks",
					"@loader_path/Frameworks",
				);
				PRODUCT_BUNDLE_IDENTIFIER = com.santymendoza12.FlixTests;
				PRODUCT_NAME = "$(TARGET_NAME)";
				TARGETED_DEVICE_FAMILY = "1,2";
				TEST_HOST = "$(BUILT_PRODUCTS_DIR)/Flix.app/Flix";
			};
			name = Debug;
		};
		F9535BA92683907C002579C8 /* Release */ = {
			isa = XCBuildConfiguration;
			baseConfigurationReference = 90C0AFA2ABAB208B967A3727 /* Pods-FlixTests.release.xcconfig */;
			buildSettings = {
				BUNDLE_LOADER = "$(TEST_HOST)";
				CODE_SIGN_STYLE = Automatic;
				DEVELOPMENT_TEAM = HSWX36ZH68;
				INFOPLIST_FILE = FlixTests/Info.plist;
				IPHONEOS_DEPLOYMENT_TARGET = 14.5;
				LD_RUNPATH_SEARCH_PATHS = (
					"$(inherited)",
					"@executable_path/Frameworks",
					"@loader_path/Frameworks",
				);
				PRODUCT_BUNDLE_IDENTIFIER = com.santymendoza12.FlixTests;
				PRODUCT_NAME = "$(TARGET_NAME)";
				TARGETED_DEVICE_FAMILY = "1,2";
				TEST_HOST = "$(BUILT_PRODUCTS_DIR)/Flix.app/Flix";
			};
			name = Release;
		};
		F9535BAB2683907C002579C8 /* Debug */ = {
			isa = XCBuildConfiguration;
			baseConfigurationReference = FB5424A7D1E3AA5ECADBD477 /* Pods-Flix-FlixUITests.debug.xcconfig */;
			buildSettings = {
				CODE_SIGN_STYLE = Automatic;
				DEVELOPMENT_TEAM = HSWX36ZH68;
				INFOPLIST_FILE = FlixUITests/Info.plist;
				LD_RUNPATH_SEARCH_PATHS = (
					"$(inherited)",
					"@executable_path/Frameworks",
					"@loader_path/Frameworks",
				);
				PRODUCT_BUNDLE_IDENTIFIER = com.santymendoza12.FlixUITests;
				PRODUCT_NAME = "$(TARGET_NAME)";
				TARGETED_DEVICE_FAMILY = "1,2";
				TEST_TARGET_NAME = Flix;
			};
			name = Debug;
		};
		F9535BAC2683907C002579C8 /* Release */ = {
			isa = XCBuildConfiguration;
			baseConfigurationReference = D4A0543B52FAF4366678559D /* Pods-Flix-FlixUITests.release.xcconfig */;
			buildSettings = {
				CODE_SIGN_STYLE = Automatic;
				DEVELOPMENT_TEAM = HSWX36ZH68;
				INFOPLIST_FILE = FlixUITests/Info.plist;
				LD_RUNPATH_SEARCH_PATHS = (
					"$(inherited)",
					"@executable_path/Frameworks",
					"@loader_path/Frameworks",
				);
				PRODUCT_BUNDLE_IDENTIFIER = com.santymendoza12.FlixUITests;
				PRODUCT_NAME = "$(TARGET_NAME)";
				TARGETED_DEVICE_FAMILY = "1,2";
				TEST_TARGET_NAME = Flix;
			};
			name = Release;
		};
/* End XCBuildConfiguration section */

/* Begin XCConfigurationList section */
		F9535B702683907B002579C8 /* Build configuration list for PBXProject "Flix" */ = {
			isa = XCConfigurationList;
			buildConfigurations = (
				F9535BA22683907C002579C8 /* Debug */,
				F9535BA32683907C002579C8 /* Release */,
			);
			defaultConfigurationIsVisible = 0;
			defaultConfigurationName = Release;
		};
		F9535BA42683907C002579C8 /* Build configuration list for PBXNativeTarget "Flix" */ = {
			isa = XCConfigurationList;
			buildConfigurations = (
				F9535BA52683907C002579C8 /* Debug */,
				F9535BA62683907C002579C8 /* Release */,
			);
			defaultConfigurationIsVisible = 0;
			defaultConfigurationName = Release;
		};
		F9535BA72683907C002579C8 /* Build configuration list for PBXNativeTarget "FlixTests" */ = {
			isa = XCConfigurationList;
			buildConfigurations = (
				F9535BA82683907C002579C8 /* Debug */,
				F9535BA92683907C002579C8 /* Release */,
			);
			defaultConfigurationIsVisible = 0;
			defaultConfigurationName = Release;
		};
		F9535BAA2683907C002579C8 /* Build configuration list for PBXNativeTarget "FlixUITests" */ = {
			isa = XCConfigurationList;
			buildConfigurations = (
				F9535BAB2683907C002579C8 /* Debug */,
				F9535BAC2683907C002579C8 /* Release */,
			);
			defaultConfigurationIsVisible = 0;
			defaultConfigurationName = Release;
		};
/* End XCConfigurationList section */
	};
	rootObject = F9535B6D2683907B002579C8 /* Project object */;
}
